
Microsoft Visual Studio Solution File, Format Version 12.00
# Visual Studio Version 18
VisualStudioVersion = 18.6.11822.322
MinimumVisualStudioVersion = 10.0.40219.1
Project("{2150E333-8FDC-42A3-9474-1A3956D46DE8}") = "Solution Items", "Solution Items", "{43A61A9A-21FE-418D-8DBC-7C741668B4A6}"
	ProjectSection(SolutionItems) = preProject
		.editorconfig = .editorconfig
	EndProjectSection
EndProject
Project("{2150E333-8FDC-42A3-9474-1A3956D46DE8}") = "Tests", "Tests", "{22E8DA51-0EF6-4CEA-9053-6D49F4EF3F99}"
EndProject
Project("{9A19103F-16F7-4668-BE54-9A1E7A4F7556}") = "InternalsViewer.Internals", "InternalsViewer.Internals\InternalsViewer.Internals.csproj", "{90F9F46A-DFA3-4F98-B6BF-8E2F087DD8A8}"
EndProject
Project("{9A19103F-16F7-4668-BE54-9A1E7A4F7556}") = "InternalsViewer.Internals.Metadata.SourceGenerators", "InternalsViewer.Internals.Metadata.SourceGenerators\InternalsViewer.Internals.Metadata.SourceGenerators.csproj", "{61633390-C01B-48EE-B322-589E8BC61F8F}"
EndProject
Project("{9A19103F-16F7-4668-BE54-9A1E7A4F7556}") = "InternalsViewer.UI.App", "InternalsViewer.UI.App\InternalsViewer.UI.App.csproj", "{4A460EA3-6C4E-4022-8E9C-7ED88B0A7EE6}"
EndProject
Project("{FAE04EC0-301F-11D3-BF4B-00C04F79EFBC}") = "InternalsViewer.Query", "InternalsViewer.Query\InternalsViewer.Query.csproj", "{0DC183F9-163C-3E57-201B-F150E4B2270A}"
EndProject
Project("{8BC9CEB8-8B4A-11D0-8D11-00A0C91BC942}") = "InternalsViewer.Query.DiaBridge", "InternalsViewer.Query.DiaBridge\InternalsViewer.Query.DiaBridge.vcxproj", "{5FF52E36-D4C2-48D2-ACD4-7D0CD1361C5D}"
EndProject
Project("{FAE04EC0-301F-11D3-BF4B-00C04F79EFBC}") = "InternalsViewer.TransactionLog", "InternalsViewer.TransactionLog\InternalsViewer.TransactionLog.csproj", "{8D21A6A4-7217-436F-89D6-5B6B4F6EAC11}"
EndProject
Project("{FAE04EC0-301F-11D3-BF4B-00C04F79EFBC}") = "InternalsViewer.Internals.Tests", "Tests\InternalsViewer.Internals.Tests\InternalsViewer.Internals.Tests.csproj", "{DE9A07BF-AC46-23C0-0D96-C8FC21821928}"
EndProject
Project("{FAE04EC0-301F-11D3-BF4B-00C04F79EFBC}") = "InternalsViewer.Internals.Tests.VerificationTool", "Tests\InternalsViewer.Internals.Tests.VerificationTool\InternalsViewer.Internals.Tests.VerificationTool.csproj", "{95F1DC39-D033-BF44-8F40-36A09B1DB14D}"
EndProject
Project("{FAE04EC0-301F-11D3-BF4B-00C04F79EFBC}") = "InternalsViewer.Query.Tests", "Tests\InternalsViewer.Query.Tests\InternalsViewer.Query.Tests.csproj", "{2931EFAE-85C3-9729-A4F3-916322A6E6A9}"
EndProject
Project("{FAE04EC0-301F-11D3-BF4B-00C04F79EFBC}") = "InternalsViewer.UI.App.Tests", "Tests\InternalsViewer.UI.App.Tests\InternalsViewer.UI.App.Tests.csproj", "{F708CEAB-7F6D-457A-A16A-E3BBF57A12AA}"
EndProject
Project("{FAE04EC0-301F-11D3-BF4B-00C04F79EFBC}") = "InternalsViewer.Connection.Sandbox", "InternalsViewer.Connection.Sandbox\InternalsViewer.Connection.Sandbox.csproj", "{D9F82B8F-62E8-4109-8349-60736CB770D5}"
EndProject
Project("{FAE04EC0-301F-11D3-BF4B-00C04F79EFBC}") = "InternalsViewer.Connection.BackupFile", "InternalsViewer.Connection.BackupFile\InternalsViewer.Connection.BackupFile.csproj", "{FFD45C89-97A2-429D-90FD-94337779674F}"
EndProject
Project("{FAE04EC0-301F-11D3-BF4B-00C04F79EFBC}") = "InternalsViewer.Connection.BackupFile.Tests", "Tests\InternalsViewer.Connection.BackupFile.Tests\InternalsViewer.Connection.BackupFile.Tests.csproj", "{E740E086-0894-48CA-A8DD-EC31D2F4862A}"
EndProject
Global
	GlobalSection(SolutionConfigurationPlatforms) = preSolution
		Debug|Any CPU = Debug|Any CPU
		Debug|ARM64 = Debug|ARM64
		Debug|x64 = Debug|x64
		Debug|x86 = Debug|x86
		Release|Any CPU = Release|Any CPU
		Release|ARM64 = Release|ARM64
		Release|x64 = Release|x64
		Release|x86 = Release|x86
	EndGlobalSection
	GlobalSection(ProjectConfigurationPlatforms) = postSolution
		{90F9F46A-DFA3-4F98-B6BF-8E2F087DD8A8}.Debug|Any CPU.ActiveCfg = Debug|Any CPU
		{90F9F46A-DFA3-4F98-B6BF-8E2F087DD8A8}.Debug|Any CPU.Build.0 = Debug|Any CPU
		{90F9F46A-DFA3-4F98-B6BF-8E2F087DD8A8}.Debug|ARM64.ActiveCfg = Debug|Any CPU
		{90F9F46A-DFA3-4F98-B6BF-8E2F087DD8A8}.Debug|ARM64.Build.0 = Debug|Any CPU
		{90F9F46A-DFA3-4F98-B6BF-8E2F087DD8A8}.Debug|x64.ActiveCfg = Debug|Any CPU
		{90F9F46A-DFA3-4F98-B6BF-8E2F087DD8A8}.Debug|x64.Build.0 = Debug|Any CPU
		{90F9F46A-DFA3-4F98-B6BF-8E2F087DD8A8}.Debug|x86.ActiveCfg = Debug|Any CPU
		{90F9F46A-DFA3-4F98-B6BF-8E2F087DD8A8}.Debug|x86.Build.0 = Debug|Any CPU
		{90F9F46A-DFA3-4F98-B6BF-8E2F087DD8A8}.Release|Any CPU.ActiveCfg = Release|Any CPU
		{90F9F46A-DFA3-4F98-B6BF-8E2F087DD8A8}.Release|Any CPU.Build.0 = Release|Any CPU
		{90F9F46A-DFA3-4F98-B6BF-8E2F087DD8A8}.Release|ARM64.ActiveCfg = Release|Any CPU
		{90F9F46A-DFA3-4F98-B6BF-8E2F087DD8A8}.Release|ARM64.Build.0 = Release|Any CPU
		{90F9F46A-DFA3-4F98-B6BF-8E2F087DD8A8}.Release|x64.ActiveCfg = Release|Any CPU
		{90F9F46A-DFA3-4F98-B6BF-8E2F087DD8A8}.Release|x64.Build.0 = Release|Any CPU
		{90F9F46A-DFA3-4F98-B6BF-8E2F087DD8A8}.Release|x86.ActiveCfg = Release|Any CPU
		{90F9F46A-DFA3-4F98-B6BF-8E2F087DD8A8}.Release|x86.Build.0 = Release|Any CPU
		{61633390-C01B-48EE-B322-589E8BC61F8F}.Debug|Any CPU.ActiveCfg = Debug|Any CPU
		{61633390-C01B-48EE-B322-589E8BC61F8F}.Debug|Any CPU.Build.0 = Debug|Any CPU
		{61633390-C01B-48EE-B322-589E8BC61F8F}.Debug|ARM64.ActiveCfg = Debug|Any CPU
		{61633390-C01B-48EE-B322-589E8BC61F8F}.Debug|ARM64.Build.0 = Debug|Any CPU
		{61633390-C01B-48EE-B322-589E8BC61F8F}.Debug|x64.ActiveCfg = Debug|Any CPU
		{61633390-C01B-48EE-B322-589E8BC61F8F}.Debug|x64.Build.0 = Debug|Any CPU
		{61633390-C01B-48EE-B322-589E8BC61F8F}.Debug|x86.ActiveCfg = Debug|Any CPU
		{61633390-C01B-48EE-B322-589E8BC61F8F}.Debug|x86.Build.0 = Debug|Any CPU
		{61633390-C01B-48EE-B322-589E8BC61F8F}.Release|Any CPU.ActiveCfg = Release|Any CPU
		{61633390-C01B-48EE-B322-589E8BC61F8F}.Release|Any CPU.Build.0 = Release|Any CPU
		{61633390-C01B-48EE-B322-589E8BC61F8F}.Release|ARM64.ActiveCfg = Release|Any CPU
		{61633390-C01B-48EE-B322-589E8BC61F8F}.Release|ARM64.Build.0 = Release|Any CPU
		{61633390-C01B-48EE-B322-589E8BC61F8F}.Release|x64.ActiveCfg = Release|Any CPU
		{61633390-C01B-48EE-B322-589E8BC61F8F}.Release|x64.Build.0 = Release|Any CPU
		{61633390-C01B-48EE-B322-589E8BC61F8F}.Release|x86.ActiveCfg = Release|Any CPU
		{61633390-C01B-48EE-B322-589E8BC61F8F}.Release|x86.Build.0 = Release|Any CPU
		{4A460EA3-6C4E-4022-8E9C-7ED88B0A7EE6}.Debug|Any CPU.ActiveCfg = Debug|x64
		{4A460EA3-6C4E-4022-8E9C-7ED88B0A7EE6}.Debug|Any CPU.Build.0 = Debug|x64
		{4A460EA3-6C4E-4022-8E9C-7ED88B0A7EE6}.Debug|Any CPU.Deploy.0 = Debug|x64
		{4A460EA3-6C4E-4022-8E9C-7ED88B0A7EE6}.Debug|ARM64.ActiveCfg = Debug|x64
		{4A460EA3-6C4E-4022-8E9C-7ED88B0A7EE6}.Debug|ARM64.Build.0 = Debug|x64
		{4A460EA3-6C4E-4022-8E9C-7ED88B0A7EE6}.Debug|ARM64.Deploy.0 = Debug|x64
		{4A460EA3-6C4E-4022-8E9C-7ED88B0A7EE6}.Debug|x64.ActiveCfg = Debug|x64
		{4A460EA3-6C4E-4022-8E9C-7ED88B0A7EE6}.Debug|x64.Build.0 = Debug|x64
		{4A460EA3-6C4E-4022-8E9C-7ED88B0A7EE6}.Debug|x64.Deploy.0 = Debug|x64
		{4A460EA3-6C4E-4022-8E9C-7ED88B0A7EE6}.Debug|x86.ActiveCfg = Debug|x86
		{4A460EA3-6C4E-4022-8E9C-7ED88B0A7EE6}.Debug|x86.Build.0 = Debug|x86
		{4A460EA3-6C4E-4022-8E9C-7ED88B0A7EE6}.Debug|x86.Deploy.0 = Debug|x86
		{4A460EA3-6C4E-4022-8E9C-7ED88B0A7EE6}.Release|Any CPU.ActiveCfg = Release|x64
		{4A460EA3-6C4E-4022-8E9C-7ED88B0A7EE6}.Release|Any CPU.Build.0 = Release|x64
		{4A460EA3-6C4E-4022-8E9C-7ED88B0A7EE6}.Release|Any CPU.Deploy.0 = Release|x64
		{4A460EA3-6C4E-4022-8E9C-7ED88B0A7EE6}.Release|ARM64.ActiveCfg = Release|x64
		{4A460EA3-6C4E-4022-8E9C-7ED88B0A7EE6}.Release|ARM64.Build.0 = Release|x64
		{4A460EA3-6C4E-4022-8E9C-7ED88B0A7EE6}.Release|ARM64.Deploy.0 = Release|x64
		{4A460EA3-6C4E-4022-8E9C-7ED88B0A7EE6}.Release|x64.ActiveCfg = Release|x64
		{4A460EA3-6C4E-4022-8E9C-7ED88B0A7EE6}.Release|x64.Build.0 = Release|x64
		{4A460EA3-6C4E-4022-8E9C-7ED88B0A7EE6}.Release|x64.Deploy.0 = Release|x64
		{4A460EA3-6C4E-4022-8E9C-7ED88B0A7EE6}.Release|x86.ActiveCfg = Release|x86
		{4A460EA3-6C4E-4022-8E9C-7ED88B0A7EE6}.Release|x86.Build.0 = Release|x86
		{4A460EA3-6C4E-4022-8E9C-7ED88B0A7EE6}.Release|x86.Deploy.0 = Release|x86
		{0DC183F9-163C-3E57-201B-F150E4B2270A}.Debug|Any CPU.ActiveCfg = Debug|Any CPU
		{0DC183F9-163C-3E57-201B-F150E4B2270A}.Debug|Any CPU.Build.0 = Debug|Any CPU
		{0DC183F9-163C-3E57-201B-F150E4B2270A}.Debug|ARM64.ActiveCfg = Debug|Any CPU
		{0DC183F9-163C-3E57-201B-F150E4B2270A}.Debug|ARM64.Build.0 = Debug|Any CPU
		{0DC183F9-163C-3E57-201B-F150E4B2270A}.Debug|x64.ActiveCfg = Debug|Any CPU
		{0DC183F9-163C-3E57-201B-F150E4B2270A}.Debug|x64.Build.0 = Debug|Any CPU
		{0DC183F9-163C-3E57-201B-F150E4B2270A}.Debug|x86.ActiveCfg = Debug|Any CPU
		{0DC183F9-163C-3E57-201B-F150E4B2270A}.Debug|x86.Build.0 = Debug|Any CPU
		{0DC183F9-163C-3E57-201B-F150E4B2270A}.Release|Any CPU.ActiveCfg = Release|Any CPU
		{0DC183F9-163C-3E57-201B-F150E4B2270A}.Release|Any CPU.Build.0 = Release|Any CPU
		{0DC183F9-163C-3E57-201B-F150E4B2270A}.Release|ARM64.ActiveCfg = Release|Any CPU
		{0DC183F9-163C-3E57-201B-F150E4B2270A}.Release|ARM64.Build.0 = Release|Any CPU
		{0DC183F9-163C-3E57-201B-F150E4B2270A}.Release|x64.ActiveCfg = Release|Any CPU
		{0DC183F9-163C-3E57-201B-F150E4B2270A}.Release|x64.Build.0 = Release|Any CPU
		{0DC183F9-163C-3E57-201B-F150E4B2270A}.Release|x86.ActiveCfg = Release|Any CPU
		{0DC183F9-163C-3E57-201B-F150E4B2270A}.Release|x86.Build.0 = Release|Any CPU
		{5FF52E36-D4C2-48D2-ACD4-7D0CD1361C5D}.Debug|Any CPU.ActiveCfg = Debug|x64
		{5FF52E36-D4C2-48D2-ACD4-7D0CD1361C5D}.Debug|Any CPU.Build.0 = Debug|x64
		{5FF52E36-D4C2-48D2-ACD4-7D0CD1361C5D}.Debug|ARM64.ActiveCfg = Debug|x64
		{5FF52E36-D4C2-48D2-ACD4-7D0CD1361C5D}.Debug|ARM64.Build.0 = Debug|x64
		{5FF52E36-D4C2-48D2-ACD4-7D0CD1361C5D}.Debug|x64.ActiveCfg = Debug|x64
		{5FF52E36-D4C2-48D2-ACD4-7D0CD1361C5D}.Debug|x64.Build.0 = Debug|x64
		{5FF52E36-D4C2-48D2-ACD4-7D0CD1361C5D}.Debug|x86.ActiveCfg = Debug|Win32
		{5FF52E36-D4C2-48D2-ACD4-7D0CD1361C5D}.Debug|x86.Build.0 = Debug|Win32
		{5FF52E36-D4C2-48D2-ACD4-7D0CD1361C5D}.Release|Any CPU.ActiveCfg = Release|x64
		{5FF52E36-D4C2-48D2-ACD4-7D0CD1361C5D}.Release|Any CPU.Build.0 = Release|x64
		{5FF52E36-D4C2-48D2-ACD4-7D0CD1361C5D}.Release|ARM64.ActiveCfg = Release|x64
		{5FF52E36-D4C2-48D2-ACD4-7D0CD1361C5D}.Release|ARM64.Build.0 = Release|x64
		{5FF52E36-D4C2-48D2-ACD4-7D0CD1361C5D}.Release|x64.ActiveCfg = Release|x64
		{5FF52E36-D4C2-48D2-ACD4-7D0CD1361C5D}.Release|x86.ActiveCfg = Release|Win32
		{8D21A6A4-7217-436F-89D6-5B6B4F6EAC11}.Debug|Any CPU.ActiveCfg = Debug|Any CPU
		{8D21A6A4-7217-436F-89D6-5B6B4F6EAC11}.Debug|Any CPU.Build.0 = Debug|Any CPU
		{8D21A6A4-7217-436F-89D6-5B6B4F6EAC11}.Debug|ARM64.ActiveCfg = Debug|Any CPU
		{8D21A6A4-7217-436F-89D6-5B6B4F6EAC11}.Debug|ARM64.Build.0 = Debug|Any CPU
		{8D21A6A4-7217-436F-89D6-5B6B4F6EAC11}.Debug|x64.ActiveCfg = Debug|Any CPU
		{8D21A6A4-7217-436F-89D6-5B6B4F6EAC11}.Debug|x64.Build.0 = Debug|Any CPU
		{8D21A6A4-7217-436F-89D6-5B6B4F6EAC11}.Debug|x86.ActiveCfg = Debug|Any CPU
		{8D21A6A4-7217-436F-89D6-5B6B4F6EAC11}.Debug|x86.Build.0 = Debug|Any CPU
		{8D21A6A4-7217-436F-89D6-5B6B4F6EAC11}.Release|Any CPU.ActiveCfg = Release|Any CPU
		{8D21A6A4-7217-436F-89D6-5B6B4F6EAC11}.Release|Any CPU.Build.0 = Release|Any CPU
		{8D21A6A4-7217-436F-89D6-5B6B4F6EAC11}.Release|ARM64.ActiveCfg = Release|Any CPU
		{8D21A6A4-7217-436F-89D6-5B6B4F6EAC11}.Release|ARM64.Build.0 = Release|Any CPU
		{8D21A6A4-7217-436F-89D6-5B6B4F6EAC11}.Release|x64.ActiveCfg = Release|Any CPU
		{8D21A6A4-7217-436F-89D6-5B6B4F6EAC11}.Release|x64.Build.0 = Release|Any CPU
		{8D21A6A4-7217-436F-89D6-5B6B4F6EAC11}.Release|x86.ActiveCfg = Release|Any CPU
		{8D21A6A4-7217-436F-89D6-5B6B4F6EAC11}.Release|x86.Build.0 = Release|Any CPU
		{DE9A07BF-AC46-23C0-0D96-C8FC21821928}.Debug|Any CPU.ActiveCfg = Debug|Any CPU
		{DE9A07BF-AC46-23C0-0D96-C8FC21821928}.Debug|Any CPU.Build.0 = Debug|Any CPU
		{DE9A07BF-AC46-23C0-0D96-C8FC21821928}.Debug|ARM64.ActiveCfg = Debug|Any CPU
		{DE9A07BF-AC46-23C0-0D96-C8FC21821928}.Debug|ARM64.Build.0 = Debug|Any CPU
		{DE9A07BF-AC46-23C0-0D96-C8FC21821928}.Debug|x64.ActiveCfg = Debug|Any CPU
		{DE9A07BF-AC46-23C0-0D96-C8FC21821928}.Debug|x86.ActiveCfg = Debug|Any CPU
		{DE9A07BF-AC46-23C0-0D96-C8FC21821928}.Debug|x86.Build.0 = Debug|Any CPU
		{DE9A07BF-AC46-23C0-0D96-C8FC21821928}.Release|Any CPU.ActiveCfg = Release|Any CPU
		{DE9A07BF-AC46-23C0-0D96-C8FC21821928}.Release|Any CPU.Build.0 = Release|Any CPU
		{DE9A07BF-AC46-23C0-0D96-C8FC21821928}.Release|ARM64.ActiveCfg = Release|Any CPU
		{DE9A07BF-AC46-23C0-0D96-C8FC21821928}.Release|ARM64.Build.0 = Release|Any CPU
		{DE9A07BF-AC46-23C0-0D96-C8FC21821928}.Release|x64.ActiveCfg = Release|Any CPU
		{DE9A07BF-AC46-23C0-0D96-C8FC21821928}.Release|x64.Build.0 = Release|Any CPU
		{DE9A07BF-AC46-23C0-0D96-C8FC21821928}.Release|x86.ActiveCfg = Release|Any CPU
		{DE9A07BF-AC46-23C0-0D96-C8FC21821928}.Release|x86.Build.0 = Release|Any CPU
		{95F1DC39-D033-BF44-8F40-36A09B1DB14D}.Debug|Any CPU.ActiveCfg = Debug|Any CPU
		{95F1DC39-D033-BF44-8F40-36A09B1DB14D}.Debug|Any CPU.Build.0 = Debug|Any CPU
		{95F1DC39-D033-BF44-8F40-36A09B1DB14D}.Debug|ARM64.ActiveCfg = Debug|Any CPU
		{95F1DC39-D033-BF44-8F40-36A09B1DB14D}.Debug|ARM64.Build.0 = Debug|Any CPU
		{95F1DC39-D033-BF44-8F40-36A09B1DB14D}.Debug|x64.ActiveCfg = Debug|Any CPU
		{95F1DC39-D033-BF44-8F40-36A09B1DB14D}.Debug|x86.ActiveCfg = Debug|Any CPU
		{95F1DC39-D033-BF44-8F40-36A09B1DB14D}.Debug|x86.Build.0 = Debug|Any CPU
		{95F1DC39-D033-BF44-8F40-36A09B1DB14D}.Release|Any CPU.ActiveCfg = Release|Any CPU
		{95F1DC39-D033-BF44-8F40-36A09B1DB14D}.Release|Any CPU.Build.0 = Release|Any CPU
		{95F1DC39-D033-BF44-8F40-36A09B1DB14D}.Release|ARM64.ActiveCfg = Release|Any CPU
		{95F1DC39-D033-BF44-8F40-36A09B1DB14D}.Release|ARM64.Build.0 = Release|Any CPU
		{95F1DC39-D033-BF44-8F40-36A09B1DB14D}.Release|x64.ActiveCfg = Release|Any CPU
		{95F1DC39-D033-BF44-8F40-36A09B1DB14D}.Release|x64.Build.0 = Release|Any CPU
		{95F1DC39-D033-BF44-8F40-36A09B1DB14D}.Release|x86.ActiveCfg = Release|Any CPU
		{95F1DC39-D033-BF44-8F40-36A09B1DB14D}.Release|x86.Build.0 = Release|Any CPU
		{2931EFAE-85C3-9729-A4F3-916322A6E6A9}.Debug|Any CPU.ActiveCfg = Debug|Any CPU
		{2931EFAE-85C3-9729-A4F3-916322A6E6A9}.Debug|Any CPU.Build.0 = Debug|Any CPU
		{2931EFAE-85C3-9729-A4F3-916322A6E6A9}.Debug|ARM64.ActiveCfg = Debug|Any CPU
		{2931EFAE-85C3-9729-A4F3-916322A6E6A9}.Debug|ARM64.Build.0 = Debug|Any CPU
		{2931EFAE-85C3-9729-A4F3-916322A6E6A9}.Debug|x64.ActiveCfg = Debug|Any CPU
		{2931EFAE-85C3-9729-A4F3-916322A6E6A9}.Debug|x86.ActiveCfg = Debug|Any CPU
		{2931EFAE-85C3-9729-A4F3-916322A6E6A9}.Debug|x86.Build.0 = Debug|Any CPU
		{2931EFAE-85C3-9729-A4F3-916322A6E6A9}.Release|Any CPU.ActiveCfg = Release|Any CPU
		{2931EFAE-85C3-9729-A4F3-916322A6E6A9}.Release|Any CPU.Build.0 = Release|Any CPU
		{2931EFAE-85C3-9729-A4F3-916322A6E6A9}.Release|ARM64.ActiveCfg = Release|Any CPU
		{2931EFAE-85C3-9729-A4F3-916322A6E6A9}.Release|ARM64.Build.0 = Release|Any CPU
		{2931EFAE-85C3-9729-A4F3-916322A6E6A9}.Release|x64.ActiveCfg = Release|Any CPU
		{2931EFAE-85C3-9729-A4F3-916322A6E6A9}.Release|x64.Build.0 = Release|Any CPU
		{2931EFAE-85C3-9729-A4F3-916322A6E6A9}.Release|x86.ActiveCfg = Release|Any CPU
		{2931EFAE-85C3-9729-A4F3-916322A6E6A9}.Release|x86.Build.0 = Release|Any CPU
		{F708CEAB-7F6D-457A-A16A-E3BBF57A12AA}.Debug|Any CPU.ActiveCfg = Debug|x86
		{F708CEAB-7F6D-457A-A16A-E3BBF57A12AA}.Debug|Any CPU.Build.0 = Debug|x86
		{F708CEAB-7F6D-457A-A16A-E3BBF57A12AA}.Debug|ARM64.ActiveCfg = Debug|x86
		{F708CEAB-7F6D-457A-A16A-E3BBF57A12AA}.Debug|ARM64.Build.0 = Debug|x86
		{F708CEAB-7F6D-457A-A16A-E3BBF57A12AA}.Debug|x64.ActiveCfg = Debug|x64
		{F708CEAB-7F6D-457A-A16A-E3BBF57A12AA}.Debug|x86.ActiveCfg = Debug|x86
		{F708CEAB-7F6D-457A-A16A-E3BBF57A12AA}.Debug|x86.Build.0 = Debug|x86
		{F708CEAB-7F6D-457A-A16A-E3BBF57A12AA}.Release|Any CPU.ActiveCfg = Release|x86
		{F708CEAB-7F6D-457A-A16A-E3BBF57A12AA}.Release|Any CPU.Build.0 = Release|x86
		{F708CEAB-7F6D-457A-A16A-E3BBF57A12AA}.Release|ARM64.ActiveCfg = Release|x86
		{F708CEAB-7F6D-457A-A16A-E3BBF57A12AA}.Release|ARM64.Build.0 = Release|x86
		{F708CEAB-7F6D-457A-A16A-E3BBF57A12AA}.Release|x64.ActiveCfg = Release|x64
		{F708CEAB-7F6D-457A-A16A-E3BBF57A12AA}.Release|x64.Build.0 = Release|x64
		{F708CEAB-7F6D-457A-A16A-E3BBF57A12AA}.Release|x86.ActiveCfg = Release|x86
		{F708CEAB-7F6D-457A-A16A-E3BBF57A12AA}.Release|x86.Build.0 = Release|x86
		{D9F82B8F-62E8-4109-8349-60736CB770D5}.Debug|Any CPU.ActiveCfg = Debug|Any CPU
		{D9F82B8F-62E8-4109-8349-60736CB770D5}.Debug|Any CPU.Build.0 = Debug|Any CPU
		{D9F82B8F-62E8-4109-8349-60736CB770D5}.Debug|ARM64.ActiveCfg = Debug|Any CPU
		{D9F82B8F-62E8-4109-8349-60736CB770D5}.Debug|ARM64.Build.0 = Debug|Any CPU
		{D9F82B8F-62E8-4109-8349-60736CB770D5}.Debug|x64.ActiveCfg = Debug|Any CPU
		{D9F82B8F-62E8-4109-8349-60736CB770D5}.Debug|x64.Build.0 = Debug|Any CPU
		{D9F82B8F-62E8-4109-8349-60736CB770D5}.Debug|x86.ActiveCfg = Debug|Any CPU
		{D9F82B8F-62E8-4109-8349-60736CB770D5}.Debug|x86.Build.0 = Debug|Any CPU
		{D9F82B8F-62E8-4109-8349-60736CB770D5}.Release|Any CPU.ActiveCfg = Release|Any CPU
		{D9F82B8F-62E8-4109-8349-60736CB770D5}.Release|Any CPU.Build.0 = Release|Any CPU
		{D9F82B8F-62E8-4109-8349-60736CB770D5}.Release|ARM64.ActiveCfg = Release|Any CPU
		{D9F82B8F-62E8-4109-8349-60736CB770D5}.Release|ARM64.Build.0 = Release|Any CPU
		{D9F82B8F-62E8-4109-8349-60736CB770D5}.Release|x64.ActiveCfg = Release|Any CPU
		{D9F82B8F-62E8-4109-8349-60736CB770D5}.Release|x64.Build.0 = Release|Any CPU
		{D9F82B8F-62E8-4109-8349-60736CB770D5}.Release|x86.ActiveCfg = Release|Any CPU
		{D9F82B8F-62E8-4109-8349-60736CB770D5}.Release|x86.Build.0 = Release|Any CPU
		{FFD45C89-97A2-429D-90FD-94337779674F}.Debug|Any CPU.ActiveCfg = Debug|Any CPU
		{FFD45C89-97A2-429D-90FD-94337779674F}.Debug|Any CPU.Build.0 = Debug|Any CPU
		{FFD45C89-97A2-429D-90FD-94337779674F}.Debug|ARM64.ActiveCfg = Debug|Any CPU
		{FFD45C89-97A2-429D-90FD-94337779674F}.Debug|ARM64.Build.0 = Debug|Any CPU
		{FFD45C89-97A2-429D-90FD-94337779674F}.Debug|x64.ActiveCfg = Debug|Any CPU
		{FFD45C89-97A2-429D-90FD-94337779674F}.Debug|x64.Build.0 = Debug|Any CPU
		{FFD45C89-97A2-429D-90FD-94337779674F}.Debug|x86.ActiveCfg = Debug|Any CPU
		{FFD45C89-97A2-429D-90FD-94337779674F}.Debug|x86.Build.0 = Debug|Any CPU
		{FFD45C89-97A2-429D-90FD-94337779674F}.Release|Any CPU.ActiveCfg = Release|Any CPU
		{FFD45C89-97A2-429D-90FD-94337779674F}.Release|Any CPU.Build.0 = Release|Any CPU
		{FFD45C89-97A2-429D-90FD-94337779674F}.Release|ARM64.ActiveCfg = Release|Any CPU
		{FFD45C89-97A2-429D-90FD-94337779674F}.Release|ARM64.Build.0 = Release|Any CPU
		{FFD45C89-97A2-429D-90FD-94337779674F}.Release|x64.ActiveCfg = Release|Any CPU
		{FFD45C89-97A2-429D-90FD-94337779674F}.Release|x64.Build.0 = Release|Any CPU
		{FFD45C89-97A2-429D-90FD-94337779674F}.Release|x86.ActiveCfg = Release|Any CPU
		{FFD45C89-97A2-429D-90FD-94337779674F}.Release|x86.Build.0 = Release|Any CPU
		{E740E086-0894-48CA-A8DD-EC31D2F4862A}.Debug|Any CPU.ActiveCfg = Debug|Any CPU
		{E740E086-0894-48CA-A8DD-EC31D2F4862A}.Debug|Any CPU.Build.0 = Debug|Any CPU
		{E740E086-0894-48CA-A8DD-EC31D2F4862A}.Debug|ARM64.ActiveCfg = Debug|Any CPU
		{E740E086-0894-48CA-A8DD-EC31D2F4862A}.Debug|ARM64.Build.0 = Debug|Any CPU
		{E740E086-0894-48CA-A8DD-EC31D2F4862A}.Debug|x64.ActiveCfg = Debug|Any CPU
		{E740E086-0894-48CA-A8DD-EC31D2F4862A}.Debug|x64.Build.0 = Debug|Any CPU
		{E740E086-0894-48CA-A8DD-EC31D2F4862A}.Debug|x86.ActiveCfg = Debug|Any CPU
		{E740E086-0894-48CA-A8DD-EC31D2F4862A}.Debug|x86.Build.0 = Debug|Any CPU
		{E740E086-0894-48CA-A8DD-EC31D2F4862A}.Release|Any CPU.ActiveCfg = Release|Any CPU
		{E740E086-0894-48CA-A8DD-EC31D2F4862A}.Release|Any CPU.Build.0 = Release|Any CPU
		{E740E086-0894-48CA-A8DD-EC31D2F4862A}.Release|ARM64.ActiveCfg = Release|Any CPU
		{E740E086-0894-48CA-A8DD-EC31D2F4862A}.Release|ARM64.Build.0 = Release|Any CPU
		{E740E086-0894-48CA-A8DD-EC31D2F4862A}.Release|x64.ActiveCfg = Release|Any CPU
		{E740E086-0894-48CA-A8DD-EC31D2F4862A}.Release|x64.Build.0 = Release|Any CPU
		{E740E086-0894-48CA-A8DD-EC31D2F4862A}.Release|x86.ActiveCfg = Release|Any CPU
		{E740E086-0894-48CA-A8DD-EC31D2F4862A}.Release|x86.Build.0 = Release|Any CPU
	EndGlobalSection
	GlobalSection(SolutionProperties) = preSolution
		HideSolutionNode = FALSE
	EndGlobalSection
	GlobalSection(NestedProjects) = preSolution
		{DE9A07BF-AC46-23C0-0D96-C8FC21821928} = {22E8DA51-0EF6-4CEA-9053-6D49F4EF3F99}
		{95F1DC39-D033-BF44-8F40-36A09B1DB14D} = {22E8DA51-0EF6-4CEA-9053-6D49F4EF3F99}
		{2931EFAE-85C3-9729-A4F3-916322A6E6A9} = {22E8DA51-0EF6-4CEA-9053-6D49F4EF3F99}
		{F708CEAB-7F6D-457A-A16A-E3BBF57A12AA} = {22E8DA51-0EF6-4CEA-9053-6D49F4EF3F99}
		{E740E086-0894-48CA-A8DD-EC31D2F4862A} = {22E8DA51-0EF6-4CEA-9053-6D49F4EF3F99}
	EndGlobalSection
	GlobalSection(ExtensibilityGlobals) = postSolution
		SolutionGuid = {12A1406C-1C68-4A7F-A0FF-E4E7A65AECAE}
		VisualSVNWorkingCopyRoot = 
	EndGlobalSection
EndGlobal
