Microsoft Visual Studio Solution File, Format Version 12.00
# Visual Studio Version 17
VisualStudioVersion = 17.8.34309.116
MinimumVisualStudioVersion = 10.0.40219.1
Project("{2150E333-8FDC-42A3-9474-1A3956D46DE8}") = "Solution Items", "Solution Items", "{43A61A9A-21FE-418D-8DBC-7C741668B4A6}"
	ProjectSection(SolutionItems) = preProject
		.editorconfig = .editorconfig
		README.md = README.md
	EndProjectSection
EndProject
Project("{2150E333-8FDC-42A3-9474-1A3956D46DE8}") = "Tests", "Tests", "{22E8DA51-0EF6-4CEA-9053-6D49F4EF3F99}"
EndProject
Project("{9A19103F-16F7-4668-BE54-9A1E7A4F7556}") = "InternalsViewer.Internals", "InternalsViewer.Internals\InternalsViewer.Internals.csproj", "{90F9F46A-DFA3-4F98-B6BF-8E2F087DD8A8}"
EndProject
Project("{9A19103F-16F7-4668-BE54-9A1E7A4F7556}") = "InternalsViewer.Internals.Metadata.SourceGenerators", "InternalsViewer.Internals.Metadata.SourceGenerators\InternalsViewer.Internals.Metadata.SourceGenerators.csproj", "{61633390-C01B-48EE-B322-589E8BC61F8F}"
EndProject
Project("{9A19103F-16F7-4668-BE54-9A1E7A4F7556}") = "InternalsViewer.Internals.Tests", "InternalsViewer.Internals.Tests\InternalsViewer.Internals.Tests.csproj", "{6287614D-C687-4E85-A883-921761ED700B}"
EndProject
Project("{9A19103F-16F7-4668-BE54-9A1E7A4F7556}") = "InternalsViewer.UI.App", "InternalsViewer.UI.App\InternalsViewer.UI.App.csproj", "{4A460EA3-6C4E-4022-8E9C-7ED88B0A7EE6}"
EndProject
Global
	GlobalSection(SolutionConfigurationPlatforms) = preSolution
		Debug|Any CPU = Debug|Any CPU
		Debug|ARM64 = Debug|ARM64
		Debug|x64 = Debug|x64
		Debug|x86 = Debug|x86
		Release|Any CPU = Release|Any CPU
		Release|ARM64 = Release|ARM64
		Release|x64 = Release|x64
		Release|x86 = Release|x86
	EndGlobalSection
	GlobalSection(ProjectConfigurationPlatforms) = postSolution
		{90F9F46A-DFA3-4F98-B6BF-8E2F087DD8A8}.Debug|Any CPU.ActiveCfg = Debug|Any CPU
		{90F9F46A-DFA3-4F98-B6BF-8E2F087DD8A8}.Debug|Any CPU.Build.0 = Debug|Any CPU
		{90F9F46A-DFA3-4F98-B6BF-8E2F087DD8A8}.Debug|ARM64.ActiveCfg = Debug|Any CPU
		{90F9F46A-DFA3-4F98-B6BF-8E2F087DD8A8}.Debug|ARM64.Build.0 = Debug|Any CPU
		{90F9F46A-DFA3-4F98-B6BF-8E2F087DD8A8}.Debug|x64.ActiveCfg = Debug|Any CPU
		{90F9F46A-DFA3-4F98-B6BF-8E2F087DD8A8}.Debug|x64.Build.0 = Debug|Any CPU
		{90F9F46A-DFA3-4F98-B6BF-8E2F087DD8A8}.Debug|x86.ActiveCfg = Debug|Any CPU
		{90F9F46A-DFA3-4F98-B6BF-8E2F087DD8A8}.Debug|x86.Build.0 = Debug|Any CPU
		{90F9F46A-DFA3-4F98-B6BF-8E2F087DD8A8}.Release|Any CPU.ActiveCfg = Release|Any CPU
		{90F9F46A-DFA3-4F98-B6BF-8E2F087DD8A8}.Release|Any CPU.Build.0 = Release|Any CPU
		{90F9F46A-DFA3-4F98-B6BF-8E2F087DD8A8}.Release|ARM64.ActiveCfg = Release|Any CPU
		{90F9F46A-DFA3-4F98-B6BF-8E2F087DD8A8}.Release|ARM64.Build.0 = Release|Any CPU
		{90F9F46A-DFA3-4F98-B6BF-8E2F087DD8A8}.Release|x64.ActiveCfg = Release|Any CPU
		{90F9F46A-DFA3-4F98-B6BF-8E2F087DD8A8}.Release|x64.Build.0 = Release|Any CPU
		{90F9F46A-DFA3-4F98-B6BF-8E2F087DD8A8}.Release|x86.ActiveCfg = Release|Any CPU
		{90F9F46A-DFA3-4F98-B6BF-8E2F087DD8A8}.Release|x86.Build.0 = Release|Any CPU
		{61633390-C01B-48EE-B322-589E8BC61F8F}.Debug|Any CPU.ActiveCfg = Debug|Any CPU
		{61633390-C01B-48EE-B322-589E8BC61F8F}.Debug|Any CPU.Build.0 = Debug|Any CPU
		{61633390-C01B-48EE-B322-589E8BC61F8F}.Debug|ARM64.ActiveCfg = Debug|Any CPU
		{61633390-C01B-48EE-B322-589E8BC61F8F}.Debug|ARM64.Build.0 = Debug|Any CPU
		{61633390-C01B-48EE-B322-589E8BC61F8F}.Debug|x64.ActiveCfg = Debug|Any CPU
		{61633390-C01B-48EE-B322-589E8BC61F8F}.Debug|x64.Build.0 = Debug|Any CPU
		{61633390-C01B-48EE-B322-589E8BC61F8F}.Debug|x86.ActiveCfg = Debug|Any CPU
		{61633390-C01B-48EE-B322-589E8BC61F8F}.Debug|x86.Build.0 = Debug|Any CPU
		{61633390-C01B-48EE-B322-589E8BC61F8F}.Release|Any CPU.ActiveCfg = Release|Any CPU
		{61633390-C01B-48EE-B322-589E8BC61F8F}.Release|Any CPU.Build.0 = Release|Any CPU
		{61633390-C01B-48EE-B322-589E8BC61F8F}.Release|ARM64.ActiveCfg = Release|Any CPU
		{61633390-C01B-48EE-B322-589E8BC61F8F}.Release|ARM64.Build.0 = Release|Any CPU
		{61633390-C01B-48EE-B322-589E8BC61F8F}.Release|x64.ActiveCfg = Release|Any CPU
		{61633390-C01B-48EE-B322-589E8BC61F8F}.Release|x64.Build.0 = Release|Any CPU
		{61633390-C01B-48EE-B322-589E8BC61F8F}.Release|x86.ActiveCfg = Release|Any CPU
		{61633390-C01B-48EE-B322-589E8BC61F8F}.Release|x86.Build.0 = Release|Any CPU
		{6287614D-C687-4E85-A883-921761ED700B}.Debug|Any CPU.ActiveCfg = Debug|Any CPU
		{6287614D-C687-4E85-A883-921761ED700B}.Debug|Any CPU.Build.0 = Debug|Any CPU
		{6287614D-C687-4E85-A883-921761ED700B}.Debug|ARM64.ActiveCfg = Debug|Any CPU
		{6287614D-C687-4E85-A883-921761ED700B}.Debug|ARM64.Build.0 = Debug|Any CPU
		{6287614D-C687-4E85-A883-921761ED700B}.Debug|x64.ActiveCfg = Debug|Any CPU
		{6287614D-C687-4E85-A883-921761ED700B}.Debug|x64.Build.0 = Debug|Any CPU
		{6287614D-C687-4E85-A883-921761ED700B}.Debug|x86.ActiveCfg = Debug|Any CPU
		{6287614D-C687-4E85-A883-921761ED700B}.Debug|x86.Build.0 = Debug|Any CPU
		{6287614D-C687-4E85-A883-921761ED700B}.Release|Any CPU.ActiveCfg = Release|Any CPU
		{6287614D-C687-4E85-A883-921761ED700B}.Release|Any CPU.Build.0 = Release|Any CPU
		{6287614D-C687-4E85-A883-921761ED700B}.Release|ARM64.ActiveCfg = Release|Any CPU
		{6287614D-C687-4E85-A883-921761ED700B}.Release|ARM64.Build.0 = Release|Any CPU
		{6287614D-C687-4E85-A883-921761ED700B}.Release|x64.ActiveCfg = Release|Any CPU
		{6287614D-C687-4E85-A883-921761ED700B}.Release|x86.ActiveCfg = Release|Any CPU
		{4A460EA3-6C4E-4022-8E9C-7ED88B0A7EE6}.Debug|Any CPU.ActiveCfg = Debug|x64
		{4A460EA3-6C4E-4022-8E9C-7ED88B0A7EE6}.Debug|Any CPU.Build.0 = Debug|x64
		{4A460EA3-6C4E-4022-8E9C-7ED88B0A7EE6}.Debug|Any CPU.Deploy.0 = Debug|x64
		{4A460EA3-6C4E-4022-8E9C-7ED88B0A7EE6}.Debug|ARM64.ActiveCfg = Debug|x64
		{4A460EA3-6C4E-4022-8E9C-7ED88B0A7EE6}.Debug|ARM64.Build.0 = Debug|x64
		{4A460EA3-6C4E-4022-8E9C-7ED88B0A7EE6}.Debug|ARM64.Deploy.0 = Debug|x64
		{4A460EA3-6C4E-4022-8E9C-7ED88B0A7EE6}.Debug|x64.ActiveCfg = Debug|x64
		{4A460EA3-6C4E-4022-8E9C-7ED88B0A7EE6}.Debug|x64.Build.0 = Debug|x64
		{4A460EA3-6C4E-4022-8E9C-7ED88B0A7EE6}.Debug|x64.Deploy.0 = Debug|x64
		{4A460EA3-6C4E-4022-8E9C-7ED88B0A7EE6}.Debug|x86.ActiveCfg = Debug|x86
		{4A460EA3-6C4E-4022-8E9C-7ED88B0A7EE6}.Debug|x86.Build.0 = Debug|x86
		{4A460EA3-6C4E-4022-8E9C-7ED88B0A7EE6}.Debug|x86.Deploy.0 = Debug|x86
		{4A460EA3-6C4E-4022-8E9C-7ED88B0A7EE6}.Release|Any CPU.ActiveCfg = Release|x64
		{4A460EA3-6C4E-4022-8E9C-7ED88B0A7EE6}.Release|Any CPU.Build.0 = Release|x64
		{4A460EA3-6C4E-4022-8E9C-7ED88B0A7EE6}.Release|Any CPU.Deploy.0 = Release|x64
		{4A460EA3-6C4E-4022-8E9C-7ED88B0A7EE6}.Release|ARM64.ActiveCfg = Release|x64
		{4A460EA3-6C4E-4022-8E9C-7ED88B0A7EE6}.Release|ARM64.Build.0 = Release|x64
		{4A460EA3-6C4E-4022-8E9C-7ED88B0A7EE6}.Release|ARM64.Deploy.0 = Release|x64
		{4A460EA3-6C4E-4022-8E9C-7ED88B0A7EE6}.Release|x64.ActiveCfg = Release|x64
		{4A460EA3-6C4E-4022-8E9C-7ED88B0A7EE6}.Release|x64.Build.0 = Release|x64
		{4A460EA3-6C4E-4022-8E9C-7ED88B0A7EE6}.Release|x64.Deploy.0 = Release|x64
		{4A460EA3-6C4E-4022-8E9C-7ED88B0A7EE6}.Release|x86.ActiveCfg = Release|x86
		{4A460EA3-6C4E-4022-8E9C-7ED88B0A7EE6}.Release|x86.Build.0 = Release|x86
		{4A460EA3-6C4E-4022-8E9C-7ED88B0A7EE6}.Release|x86.Deploy.0 = Release|x86
	EndGlobalSection
	GlobalSection(SolutionProperties) = preSolution
		HideSolutionNode = FALSE
	EndGlobalSection
	GlobalSection(NestedProjects) = preSolution
		{6287614D-C687-4E85-A883-921761ED700B} = {22E8DA51-0EF6-4CEA-9053-6D49F4EF3F99}
	EndGlobalSection
	GlobalSection(ExtensibilityGlobals) = postSolution
		SolutionGuid = {12A1406C-1C68-4A7F-A0FF-E4E7A65AECAE}
		VisualSVNWorkingCopyRoot = 
	EndGlobalSection
EndGlobal
